// !$*UTF8*$!
{
	archiveVersion = 1;
	classes = {
	};
	objectVersion = 46;
	objects = {

/* Begin PBXBuildFile section */
		42EACFD81DAD2EF9002A94AE /* AppDelegate.swift in Sources */ = {isa = PBXBuildFile; fileRef = 42EACFD71DAD2EF9002A94AE /* AppDelegate.swift */; };
		42EACFDA1DAD2EF9002A94AE /* ViewController.swift in Sources */ = {isa = PBXBuildFile; fileRef = 42EACFD91DAD2EF9002A94AE /* ViewController.swift */; };
		42EACFDD1DAD2EF9002A94AE /* Main.storyboard in Resources */ = {isa = PBXBuildFile; fileRef = 42EACFDB1DAD2EF9002A94AE /* Main.storyboard */; };
		42EACFDF1DAD2EF9002A94AE /* Assets.xcassets in Resources */ = {isa = PBXBuildFile; fileRef = 42EACFDE1DAD2EF9002A94AE /* Assets.xcassets */; };
		42EACFE21DAD2EF9002A94AE /* LaunchScreen.storyboard in Resources */ = {isa = PBXBuildFile; fileRef = 42EACFE01DAD2EF9002A94AE /* LaunchScreen.storyboard */; };
		42EAD0081DAD2F24002A94AE /* HTTPMethod.swift in Sources */ = {isa = PBXBuildFile; fileRef = 42EAD0031DAD2F24002A94AE /* HTTPMethod.swift */; };
		42EAD0091DAD2F24002A94AE /* Melon.swift in Sources */ = {isa = PBXBuildFile; fileRef = 42EAD0041DAD2F24002A94AE /* Melon.swift */; };
		42EAD00A1DAD2F24002A94AE /* MelonFile.swift in Sources */ = {isa = PBXBuildFile; fileRef = 42EAD0051DAD2F24002A94AE /* MelonFile.swift */; };
		42EAD00B1DAD2F24002A94AE /* MelonManager.swift in Sources */ = {isa = PBXBuildFile; fileRef = 42EAD0061DAD2F24002A94AE /* MelonManager.swift */; };
		42EAD00C1DAD2F24002A94AE /* MelonTools.swift in Sources */ = {isa = PBXBuildFile; fileRef = 42EAD0071DAD2F24002A94AE /* MelonTools.swift */; };
/* End PBXBuildFile section */

/* Begin PBXFileReference section */
		42EACFD41DAD2EF9002A94AE /* MelonDemo.app */ = {isa = PBXFileReference; explicitFileType = wrapper.application; includeInIndex = 0; path = MelonDemo.app; sourceTree = BUILT_PRODUCTS_DIR; };
		42EACFD71DAD2EF9002A94AE /* AppDelegate.swift */ = {isa = PBXFileReference; lastKnownFileType = sourcecode.swift; path = AppDelegate.swift; sourceTree = "<group>"; };
		42EACFD91DAD2EF9002A94AE /* ViewController.swift */ = {isa = PBXFileReference; lastKnownFileType = sourcecode.swift; path = ViewController.swift; sourceTree = "<group>"; };
		42EACFDC1DAD2EF9002A94AE /* Base */ = {isa = PBXFileReference; lastKnownFileType = file.storyboard; name = Base; path = Base.lproj/Main.storyboard; sourceTree = "<group>"; };
		42EACFDE1DAD2EF9002A94AE /* Assets.xcassets */ = {isa = PBXFileReference; lastKnownFileType = folder.assetcatalog; path = Assets.xcassets; sourceTree = "<group>"; };
		42EACFE11DAD2EF9002A94AE /* Base */ = {isa = PBXFileReference; lastKnownFileType = file.storyboard; name = Base; path = Base.lproj/LaunchScreen.storyboard; sourceTree = "<group>"; };
		42EACFE31DAD2EF9002A94AE /* Info.plist */ = {isa = PBXFileReference; lastKnownFileType = text.plist.xml; path = Info.plist; sourceTree = "<group>"; };
		42EAD0031DAD2F24002A94AE /* HTTPMethod.swift */ = {isa = PBXFileReference; fileEncoding = 4; lastKnownFileType = sourcecode.swift; path = HTTPMethod.swift; sourceTree = "<group>"; };
		42EAD0041DAD2F24002A94AE /* Melon.swift */ = {isa = PBXFileReference; fileEncoding = 4; lastKnownFileType = sourcecode.swift; path = Melon.swift; sourceTree = "<group>"; };
		42EAD0051DAD2F24002A94AE /* MelonFile.swift */ = {isa = PBXFileReference; fileEncoding = 4; lastKnownFileType = sourcecode.swift; path = MelonFile.swift; sourceTree = "<group>"; };
		42EAD0061DAD2F24002A94AE /* MelonManager.swift */ = {isa = PBXFileReference; fileEncoding = 4; lastKnownFileType = sourcecode.swift; path = MelonManager.swift; sourceTree = "<group>"; };
		42EAD0071DAD2F24002A94AE /* MelonTools.swift */ = {isa = PBXFileReference; fileEncoding = 4; lastKnownFileType = sourcecode.swift; path = MelonTools.swift; sourceTree = "<group>"; };
/* End PBXFileReference section */

/* Begin PBXFrameworksBuildPhase section */
		42EACFD11DAD2EF9002A94AE /* Frameworks */ = {
			isa = PBXFrameworksBuildPhase;
			buildActionMask = 2147483647;
			files = (
			);
			runOnlyForDeploymentPostprocessing = 0;
		};
/* End PBXFrameworksBuildPhase section */

/* Begin PBXGroup section */
		42EACFCB1DAD2EF8002A94AE = {
			isa = PBXGroup;
			children = (
				42EACFD61DAD2EF9002A94AE /* MelonDemo */,
				42EACFD51DAD2EF9002A94AE /* Products */,
			);
			sourceTree = "<group>";
		};
		42EACFD51DAD2EF9002A94AE /* Products */ = {
			isa = PBXGroup;
			children = (
				42EACFD41DAD2EF9002A94AE /* MelonDemo.app */,
			);
			name = Products;
			sourceTree = "<group>";
		};
		42EACFD61DAD2EF9002A94AE /* MelonDemo */ = {
			isa = PBXGroup;
			children = (
				42EAD0021DAD2F24002A94AE /* Melon */,
				42EACFD71DAD2EF9002A94AE /* AppDelegate.swift */,
				42EACFD91DAD2EF9002A94AE /* ViewController.swift */,
				42EACFDB1DAD2EF9002A94AE /* Main.storyboard */,
				42EACFDE1DAD2EF9002A94AE /* Assets.xcassets */,
				42EACFE01DAD2EF9002A94AE /* LaunchScreen.storyboard */,
				42EACFE31DAD2EF9002A94AE /* Info.plist */,
			);
			path = MelonDemo;
			sourceTree = "<group>";
		};
		42EAD0021DAD2F24002A94AE /* Melon */ = {
			isa = PBXGroup;
			children = (
				42EAD0031DAD2F24002A94AE /* HTTPMethod.swift */,
				42EAD0041DAD2F24002A94AE /* Melon.swift */,
				42EAD0051DAD2F24002A94AE /* MelonFile.swift */,
				42EAD0061DAD2F24002A94AE /* MelonManager.swift */,
				42EAD0071DAD2F24002A94AE /* MelonTools.swift */,
			);
			name = Melon;
			path = ../../Melon;
			sourceTree = "<group>";
		};
/* End PBXGroup section */

/* Begin PBXNativeTarget section */
		42EACFD31DAD2EF9002A94AE /* MelonDemo */ = {
			isa = PBXNativeTarget;
			buildConfigurationList = 42EACFF11DAD2EF9002A94AE /* Build configuration list for PBXNativeTarget "MelonDemo" */;
			buildPhases = (
				42EACFD01DAD2EF9002A94AE /* Sources */,
				42EACFD11DAD2EF9002A94AE /* Frameworks */,
				42EACFD21DAD2EF9002A94AE /* Resources */,
			);
			buildRules = (
			);
			dependencies = (
			);
			name = MelonDemo;
			productName = MelonDemo;
			productReference = 42EACFD41DAD2EF9002A94AE /* MelonDemo.app */;
			productType = "com.apple.product-type.application";
		};
/* End PBXNativeTarget section */

/* Begin PBXProject section */
		42EACFCC1DAD2EF8002A94AE /* Project object */ = {
			isa = PBXProject;
			attributes = {
				LastSwiftUpdateCheck = 0800;
				LastUpgradeCheck = 0820;
				ORGANIZATIONNAME = Caiyanzhi;
				TargetAttributes = {
					42EACFD31DAD2EF9002A94AE = {
						CreatedOnToolsVersion = 8.0;
						LastSwiftMigration = 0800;
						ProvisioningStyle = Automatic;
					};
				};
			};
			buildConfigurationList = 42EACFCF1DAD2EF8002A94AE /* Build configuration list for PBXProject "MelonDemo" */;
			compatibilityVersion = "Xcode 3.2";
			developmentRegion = English;
			hasScannedForEncodings = 0;
			knownRegions = (
				en,
				Base,
			);
			mainGroup = 42EACFCB1DAD2EF8002A94AE;
			productRefGroup = 42EACFD51DAD2EF9002A94AE /* Products */;
			projectDirPath = "";
			projectRoot = "";
			targets = (
				42EACFD31DAD2EF9002A94AE /* MelonDemo */,
			);
		};
/* End PBXProject section */

/* Begin PBXResourcesBuildPhase section */
		42EACFD21DAD2EF9002A94AE /* Resources */ = {
			isa = PBXResourcesBuildPhase;
			buildActionMask = 2147483647;
			files = (
				42EACFE21DAD2EF9002A94AE /* LaunchScreen.storyboard in Resources */,
				42EACFDF1DAD2EF9002A94AE /* Assets.xcassets in Resources */,
				42EACFDD1DAD2EF9002A94AE /* Main.storyboard in Resources */,
			);
			runOnlyForDeploymentPostprocessing = 0;
		};
/* End PBXResourcesBuildPhase section */

/* Begin PBXSourcesBuildPhase section */
		42EACFD01DAD2EF9002A94AE /* Sources */ = {
			isa = PBXSourcesBuildPhase;
			buildActionMask = 2147483647;
			files = (
				42EACFDA1DAD2EF9002A94AE /* ViewController.swift in Sources */,
				42EAD0091DAD2F24002A94AE /* Melon.swift in Sources */,
				42EAD00A1DAD2F24002A94AE /* MelonFile.swift in Sources */,
				42EAD00C1DAD2F24002A94AE /* MelonTools.swift in Sources */,
				42EAD00B1DAD2F24002A94AE /* MelonManager.swift in Sources */,
				42EACFD81DAD2EF9002A94AE /* AppDelegate.swift in Sources */,
				42EAD0081DAD2F24002A94AE /* HTTPMethod.swift in Sources */,
			);
			runOnlyForDeploymentPostprocessing = 0;
		};
/* End PBXSourcesBuildPhase section */

/* Begin PBXVariantGroup section */
		42EACFDB1DAD2EF9002A94AE /* Main.storyboard */ = {
			isa = PBXVariantGroup;
			children = (
				42EACFDC1DAD2EF9002A94AE /* Base */,
			);
			name = Main.storyboard;
			sourceTree = "<group>";
		};
		42EACFE01DAD2EF9002A94AE /* LaunchScreen.storyboard */ = {
			isa = PBXVariantGroup;
			children = (
				42EACFE11DAD2EF9002A94AE /* Base */,
			);
			name = LaunchScreen.storyboard;
			sourceTree = "<group>";
		};
/* End PBXVariantGroup section */

/* Begin XCBuildConfiguration section */
		42EACFEF1DAD2EF9002A94AE /* Debug */ = {
			isa = XCBuildConfiguration;
			buildSettings = {
				ALWAYS_SEARCH_USER_PATHS = NO;
				CLANG_ANALYZER_NONNULL = YES;
				CLANG_CXX_LANGUAGE_STANDARD = "gnu++0x";
				CLANG_CXX_LIBRARY = "libc++";
				CLANG_ENABLE_MODULES = YES;
				CLANG_ENABLE_OBJC_ARC = YES;
				CLANG_WARN_BOOL_CONVERSION = YES;
				CLANG_WARN_CONSTANT_CONVERSION = YES;
				CLANG_WARN_DIRECT_OBJC_ISA_USAGE = YES_ERROR;
				CLANG_WARN_DOCUMENTATION_COMMENTS = YES;
				CLANG_WARN_EMPTY_BODY = YES;
				CLANG_WARN_ENUM_CONVERSION = YES;
				CLANG_WARN_INFINITE_RECURSION = YES;
				CLANG_WARN_INT_CONVERSION = YES;
				CLANG_WARN_OBJC_ROOT_CLASS = YES_ERROR;
				CLANG_WARN_SUSPICIOUS_MOVE = YES;
				CLANG_WARN_SUSPICIOUS_MOVES = YES;
				CLANG_WARN_UNREACHABLE_CODE = YES;
				CLANG_WARN__DUPLICATE_METHOD_MATCH = YES;
				"CODE_SIGN_IDENTITY[sdk=iphoneos*]" = "iPhone Developer";
				COPY_PHASE_STRIP = NO;
				DEBUG_INFORMATION_FORMAT = dwarf;
				ENABLE_STRICT_OBJC_MSGSEND = YES;
				ENABLE_TESTABILITY = YES;
				GCC_C_LANGUAGE_STANDARD = gnu99;
				GCC_DYNAMIC_NO_PIC = NO;
				GCC_NO_COMMON_BLOCKS = YES;
				GCC_OPTIMIZATION_LEVEL = 0;
				GCC_PREPROCESSOR_DEFINITIONS = (
					"DEBUG=1",
					"$(inherited)",
				);
				GCC_WARN_64_TO_32_BIT_CONVERSION = YES;
				GCC_WARN_ABOUT_RETURN_TYPE = YES_ERROR;
				GCC_WARN_UNDECLARED_SELECTOR = YES;
				GCC_WARN_UNINITIALIZED_AUTOS = YES_AGGRESSIVE;
				GCC_WARN_UNUSED_FUNCTION = YES;
				GCC_WARN_UNUSED_VARIABLE = YES;
				IPHONEOS_DEPLOYMENT_TARGET = 8.0;
				MTL_ENABLE_DEBUG_INFO = YES;
				ONLY_ACTIVE_ARCH = YES;
				SDKROOT = iphoneos;
				SWIFT_ACTIVE_COMPILATION_CONDITIONS = DEBUG;
				SWIFT_OPTIMIZATION_LEVEL = "-Onone";
			};
			name = Debug;
		};
		42EACFF01DAD2EF9002A94AE /* Release */ = {
			isa = XCBuildConfiguration;
			buildSettings = {
				ALWAYS_SEARCH_USER_PATHS = NO;
				CLANG_ANALYZER_NONNULL = YES;
				CLANG_CXX_LANGUAGE_STANDARD = "gnu++0x";
				CLANG_CXX_LIBRARY = "libc++";
				CLANG_ENABLE_MODULES = YES;
				CLANG_ENABLE_OBJC_ARC = YES;
				CLANG_WARN_BOOL_CONVERSION = YES;
				CLANG_WARN_CONSTANT_CONVERSION = YES;
				CLANG_WARN_DIRECT_OBJC_ISA_USAGE = YES_ERROR;
				CLANG_WARN_DOCUMENTATION_COMMENTS = YES;
				CLANG_WARN_EMPTY_BODY = YES;
				CLANG_WARN_ENUM_CONVERSION = YES;
				CLANG_WARN_INFINITE_RECURSION = YES;
				CLANG_WARN_INT_CONVERSION = YES;
				CLANG_WARN_OBJC_ROOT_CLASS = YES_ERROR;
				CLANG_WARN_SUSPICIOUS_MOVE = YES;
				CLANG_WARN_SUSPICIOUS_MOVES = YES;
				CLANG_WARN_UNREACHABLE_CODE = YES;
				CLANG_WARN__DUPLICATE_METHOD_MATCH = YES;
				"CODE_SIGN_IDENTITY[sdk=iphoneos*]" = "iPhone Developer";
				COPY_PHASE_STRIP = NO;
				DEBUG_INFORMATION_FORMAT = "dwarf-with-dsym";
				ENABLE_NS_ASSERTIONS = NO;
				ENABLE_STRICT_OBJC_MSGSEND = YES;
				GCC_C_LANGUAGE_STANDARD = gnu99;
				GCC_NO_COMMON_BLOCKS = YES;
				GCC_WARN_64_TO_32_BIT_CONVERSION = YES;
				GCC_WARN_ABOUT_RETURN_TYPE = YES_ERROR;
				GCC_WARN_UNDECLARED_SELECTOR = YES;
				GCC_WARN_UNINITIALIZED_AUTOS = YES_AGGRESSIVE;
				GCC_WARN_UNUSED_FUNCTION = YES;
				GCC_WARN_UNUSED_VARIABLE = YES;
				IPHONEOS_DEPLOYMENT_TARGET = 8.0;
				MTL_ENABLE_DEBUG_INFO = NO;
				SDKROOT = iphoneos;
				SWIFT_OPTIMIZATION_LEVEL = "-Owholemodule";
				VALIDATE_PRODUCT = YES;
			};
			name = Release;
		};
		42EACFF21DAD2EF9002A94AE /* Debug */ = {
			isa = XCBuildConfiguration;
			buildSettings = {
				ASSETCATALOG_COMPILER_APPICON_NAME = AppIcon;
				INFOPLIST_FILE = MelonDemo/Info.plist;
				LD_RUNPATH_SEARCH_PATHS = "$(inherited) @executable_path/Frameworks";
				PRODUCT_BUNDLE_IDENTIFIER = com.melon.MelonDemo;
				PRODUCT_NAME = "$(TARGET_NAME)";
				SWIFT_VERSION = 3.0;
			};
			name = Debug;
		};
		42EACFF31DAD2EF9002A94AE /* Release */ = {
			isa = XCBuildConfiguration;
			buildSettings = {
				ASSETCATALOG_COMPILER_APPICON_NAME = AppIcon;
				INFOPLIST_FILE = MelonDemo/Info.plist;
				LD_RUNPATH_SEARCH_PATHS = "$(inherited) @executable_path/Frameworks";
				PRODUCT_BUNDLE_IDENTIFIER = com.melon.MelonDemo;
				PRODUCT_NAME = "$(TARGET_NAME)";
				SWIFT_VERSION = 3.0;
			};
			name = Release;
		};
/* End XCBuildConfiguration section */

/* Begin XCConfigurationList section */
		42EACFCF1DAD2EF8002A94AE /* Build configuration list for PBXProject "MelonDemo" */ = {
			isa = XCConfigurationList;
			buildConfigurations = (
				42EACFEF1DAD2EF9002A94AE /* Debug */,
				42EACFF01DAD2EF9002A94AE /* Release */,
			);
			defaultConfigurationIsVisible = 0;
			defaultConfigurationName = Release;
		};
		42EACFF11DAD2EF9002A94AE /* Build configuration list for PBXNativeTarget "MelonDemo" */ = {
			isa = XCConfigurationList;
			buildConfigurations = (
				42EACFF21DAD2EF9002A94AE /* Debug */,
				42EACFF31DAD2EF9002A94AE /* Release */,
			);
			defaultConfigurationIsVisible = 0;
			defaultConfigurationName = Release;
		};
/* End XCConfigurationList section */
	};
	rootObject = 42EACFCC1DAD2EF8002A94AE /* Project object */;
}
